
Microsoft Visual Studio Solution File, Format Version 12.00
# Visual Studio 15
VisualStudioVersion = 15.0.28307.168
MinimumVisualStudioVersion = 10.0.40219.1
Project("{FAE04EC0-301F-11D3-BF4B-00C04F79EFBC}") = "CoreVue", "CoreVue\CoreVue.csproj", "{8367A13D-E493-4E7E-BE40-367C6EAFFB7E}"
EndProject
Global
	GlobalSection(SolutionConfigurationPlatforms) = preSolution
		Debug|Any CPU = Debug|Any CPU
		Release|Any CPU = Release|Any CPU
	EndGlobalSection
	GlobalSection(ProjectConfigurationPlatforms) = postSolution
		{8367A13D-E493-4E7E-BE40-367C6EAFFB7E}.Debug|Any CPU.ActiveCfg = Debug|Any CPU
		{8367A13D-E493-4E7E-BE40-367C6EAFFB7E}.Debug|Any CPU.Build.0 = Debug|Any CPU
		{8367A13D-E493-4E7E-BE40-367C6EAFFB7E}.Release|Any CPU.ActiveCfg = Release|Any CPU
		{8367A13D-E493-4E7E-BE40-367C6EAFFB7E}.Release|Any CPU.Build.0 = Release|Any CPU
	EndGlobalSection
	GlobalSection(SolutionProperties) = preSolution
		HideSolutionNode = FALSE
	EndGlobalSection
	GlobalSection(ExtensibilityGlobals) = postSolution
		SolutionGuid = {DB64008D-7935-4664-9872-988FF67CEEF0}
	EndGlobalSection
EndGlobal
